
Microsoft Visual Studio Solution File, Format Version 12.00
# Visual Studio 15
VisualStudioVersion = 15.0.28010.2041
MinimumVisualStudioVersion = 10.0.40219.1
Project("{FAE04EC0-301F-11D3-BF4B-00C04F79EFBC}") = "PeddleRealmWebApp", "PeddleRealmWebApp\PeddleRealmWebApp.csproj", "{DA12E220-68BE-454C-8B21-F17F1AF29CFE}"
EndProject
Project("{FAE04EC0-301F-11D3-BF4B-00C04F79EFBC}") = "PeddleRealmWebApp.Tests", "PeddleRealmWebApp.Tests\PeddleRealmWebApp.Tests.csproj", "{8B1E22E6-CDB1-494B-8410-24790D1A7542}"
EndProject
Global
	GlobalSection(SolutionConfigurationPlatforms) = preSolution
		Debug|Any CPU = Debug|Any CPU
		Release|Any CPU = Release|Any CPU
	EndGlobalSection
	GlobalSection(ProjectConfigurationPlatforms) = postSolution
		{DA12E220-68BE-454C-8B21-F17F1AF29CFE}.Debug|Any CPU.ActiveCfg = Debug|Any CPU
		{DA12E220-68BE-454C-8B21-F17F1AF29CFE}.Debug|Any CPU.Build.0 = Debug|Any CPU
		{DA12E220-68BE-454C-8B21-F17F1AF29CFE}.Release|Any CPU.ActiveCfg = Release|Any CPU
		{DA12E220-68BE-454C-8B21-F17F1AF29CFE}.Release|Any CPU.Build.0 = Release|Any CPU
		{8B1E22E6-CDB1-494B-8410-24790D1A7542}.Debug|Any CPU.ActiveCfg = Debug|Any CPU
		{8B1E22E6-CDB1-494B-8410-24790D1A7542}.Debug|Any CPU.Build.0 = Debug|Any CPU
		{8B1E22E6-CDB1-494B-8410-24790D1A7542}.Release|Any CPU.ActiveCfg = Release|Any CPU
		{8B1E22E6-CDB1-494B-8410-24790D1A7542}.Release|Any CPU.Build.0 = Release|Any CPU
	EndGlobalSection
	GlobalSection(SolutionProperties) = preSolution
		HideSolutionNode = FALSE
	EndGlobalSection
	GlobalSection(ExtensibilityGlobals) = postSolution
		SolutionGuid = {24FB8D16-EB03-4C85-8655-5E3F31309980}
	EndGlobalSection
EndGlobal
